
Microsoft Visual Studio Solution File, Format Version 10.00
# Visual C++ Express 2008
Project("{8BC9CEB8-8B4A-11D0-8D11-00A0C91BC942}") = "unite", "unite.vcproj", "{2606F7D1-099D-4CBE-84B2-52D174112B2A}"
EndProject
Global
	GlobalSection(SolutionConfigurationPlatforms) = preSolution
		Debug|Win32 = Debug|Win32
		Release|Win32 = Release|Win32
	EndGlobalSection
	GlobalSection(ProjectConfigurationPlatforms) = postSolution
		{2606F7D1-099D-4CBE-84B2-52D174112B2A}.Debug|Win32.ActiveCfg = Debug|Win32
		{2606F7D1-099D-4CBE-84B2-52D174112B2A}.Debug|Win32.Build.0 = Debug|Win32
		{2606F7D1-099D-4CBE-84B2-52D174112B2A}.Release|Win32.ActiveCfg = Release|Win32
		{2606F7D1-099D-4CBE-84B2-52D174112B2A}.Release|Win32.Build.0 = Release|Win32
	EndGlobalSection
	GlobalSection(SolutionProperties) = preSolution
		HideSolutionNode = FALSE
	EndGlobalSection
EndGlobal
